
Microsoft Visual Studio Solution File, Format Version 12.00
# Visual Studio Version 17
VisualStudioVersion = 17.11.35431.28
MinimumVisualStudioVersion = 10.0.40219.1
Project("{2150E333-8FDC-42A3-9474-1A3956D46DE8}") = "src", "src", "{7FC79182-2A86-4952-A640-3B6AF0EFFE70}"
EndProject
Project("{9A19103F-16F7-4668-BE54-9A1E7A4F7556}") = "ClientServer-gRPC.Domain", "ClientServer-gRPC.Domain\ClientServer-gRPC.Domain.csproj", "{8A7E2945-33E1-4992-B768-03ACD08B6F82}"
EndProject
Project("{9A19103F-16F7-4668-BE54-9A1E7A4F7556}") = "ClientServer-gRPC.DAL", "ClientServer-gRPC.DAL\ClientServer-gRPC.DAL.csproj", "{8AEE29D7-5D6D-4BBA-A678-6E00B0097D37}"
EndProject
Project("{9A19103F-16F7-4668-BE54-9A1E7A4F7556}") = "ClientServer-gRPC.BLL", "ClientServer-gRPC.BLL\ClientServer-gRPC.BLL.csproj", "{062FCC15-CF25-4C78-B3C5-7DAE5DED4975}"
EndProject
Project("{9A19103F-16F7-4668-BE54-9A1E7A4F7556}") = "ClientServer-gRPC.gRPC", "ClientServer-gRPC.gRPC\ClientServer-gRPC.gRPC.csproj", "{D0CD4B9D-5570-4627-B42A-672D78390642}"
EndProject
Project("{2150E333-8FDC-42A3-9474-1A3956D46DE8}") = "srcClient", "srcClient", "{8AFB7548-80F7-4024-B625-0035EFF394E5}"
EndProject
Project("{FAE04EC0-301F-11D3-BF4B-00C04F79EFBC}") = "ClientServer-gRPC-Client.BLL", "ClientServer-gRPC-Client.BLL\ClientServer-gRPC-Client.BLL.csproj", "{09B809CA-65D4-42BD-94A8-AA7403056518}"
EndProject
Project("{FAE04EC0-301F-11D3-BF4B-00C04F79EFBC}") = "ClientServer-gRPC-Client.DAL", "ClientServer-gRPC-Client.DAL\ClientServer-gRPC-Client.DAL.csproj", "{284214E6-0FD6-4896-83C4-E5BDF5933D8A}"
EndProject
Project("{FAE04EC0-301F-11D3-BF4B-00C04F79EFBC}") = "ClientServer-gRPC-Client.Domain", "ClientServer-gRPC-Client.Domain\ClientServer-gRPC-Client.Domain.csproj", "{CE5F3CF8-E3D5-47EB-B916-E10A1D8CDBFA}"
EndProject
Project("{FAE04EC0-301F-11D3-BF4B-00C04F79EFBC}") = "ClientServer-gRPC-Client.WebUi", "ClientServer-gRPC-Client.WebUi\ClientServer-gRPC-Client.WebUi.csproj", "{63D81E42-D757-4971-AB30-409B7F37BC79}"
EndProject
Global
	GlobalSection(SolutionConfigurationPlatforms) = preSolution
		Debug|Any CPU = Debug|Any CPU
		Release|Any CPU = Release|Any CPU
	EndGlobalSection
	GlobalSection(ProjectConfigurationPlatforms) = postSolution
		{8A7E2945-33E1-4992-B768-03ACD08B6F82}.Debug|Any CPU.ActiveCfg = Debug|Any CPU
		{8A7E2945-33E1-4992-B768-03ACD08B6F82}.Debug|Any CPU.Build.0 = Debug|Any CPU
		{8A7E2945-33E1-4992-B768-03ACD08B6F82}.Release|Any CPU.ActiveCfg = Release|Any CPU
		{8A7E2945-33E1-4992-B768-03ACD08B6F82}.Release|Any CPU.Build.0 = Release|Any CPU
		{8AEE29D7-5D6D-4BBA-A678-6E00B0097D37}.Debug|Any CPU.ActiveCfg = Debug|Any CPU
		{8AEE29D7-5D6D-4BBA-A678-6E00B0097D37}.Debug|Any CPU.Build.0 = Debug|Any CPU
		{8AEE29D7-5D6D-4BBA-A678-6E00B0097D37}.Release|Any CPU.ActiveCfg = Release|Any CPU
		{8AEE29D7-5D6D-4BBA-A678-6E00B0097D37}.Release|Any CPU.Build.0 = Release|Any CPU
		{062FCC15-CF25-4C78-B3C5-7DAE5DED4975}.Debug|Any CPU.ActiveCfg = Debug|Any CPU
		{062FCC15-CF25-4C78-B3C5-7DAE5DED4975}.Debug|Any CPU.Build.0 = Debug|Any CPU
		{062FCC15-CF25-4C78-B3C5-7DAE5DED4975}.Release|Any CPU.ActiveCfg = Release|Any CPU
		{062FCC15-CF25-4C78-B3C5-7DAE5DED4975}.Release|Any CPU.Build.0 = Release|Any CPU
		{D0CD4B9D-5570-4627-B42A-672D78390642}.Debug|Any CPU.ActiveCfg = Debug|Any CPU
		{D0CD4B9D-5570-4627-B42A-672D78390642}.Debug|Any CPU.Build.0 = Debug|Any CPU
		{D0CD4B9D-5570-4627-B42A-672D78390642}.Release|Any CPU.ActiveCfg = Release|Any CPU
		{D0CD4B9D-5570-4627-B42A-672D78390642}.Release|Any CPU.Build.0 = Release|Any CPU
		{09B809CA-65D4-42BD-94A8-AA7403056518}.Debug|Any CPU.ActiveCfg = Debug|Any CPU
		{09B809CA-65D4-42BD-94A8-AA7403056518}.Debug|Any CPU.Build.0 = Debug|Any CPU
		{09B809CA-65D4-42BD-94A8-AA7403056518}.Release|Any CPU.ActiveCfg = Release|Any CPU
		{09B809CA-65D4-42BD-94A8-AA7403056518}.Release|Any CPU.Build.0 = Release|Any CPU
		{284214E6-0FD6-4896-83C4-E5BDF5933D8A}.Debug|Any CPU.ActiveCfg = Debug|Any CPU
		{284214E6-0FD6-4896-83C4-E5BDF5933D8A}.Debug|Any CPU.Build.0 = Debug|Any CPU
		{284214E6-0FD6-4896-83C4-E5BDF5933D8A}.Release|Any CPU.ActiveCfg = Release|Any CPU
		{284214E6-0FD6-4896-83C4-E5BDF5933D8A}.Release|Any CPU.Build.0 = Release|Any CPU
		{CE5F3CF8-E3D5-47EB-B916-E10A1D8CDBFA}.Debug|Any CPU.ActiveCfg = Debug|Any CPU
		{CE5F3CF8-E3D5-47EB-B916-E10A1D8CDBFA}.Debug|Any CPU.Build.0 = Debug|Any CPU
		{CE5F3CF8-E3D5-47EB-B916-E10A1D8CDBFA}.Release|Any CPU.ActiveCfg = Release|Any CPU
		{CE5F3CF8-E3D5-47EB-B916-E10A1D8CDBFA}.Release|Any CPU.Build.0 = Release|Any CPU
		{63D81E42-D757-4971-AB30-409B7F37BC79}.Debug|Any CPU.ActiveCfg = Debug|Any CPU
		{63D81E42-D757-4971-AB30-409B7F37BC79}.Debug|Any CPU.Build.0 = Debug|Any CPU
		{63D81E42-D757-4971-AB30-409B7F37BC79}.Release|Any CPU.ActiveCfg = Release|Any CPU
		{63D81E42-D757-4971-AB30-409B7F37BC79}.Release|Any CPU.Build.0 = Release|Any CPU
	EndGlobalSection
	GlobalSection(SolutionProperties) = preSolution
		HideSolutionNode = FALSE
	EndGlobalSection
	GlobalSection(NestedProjects) = preSolution
		{8A7E2945-33E1-4992-B768-03ACD08B6F82} = {7FC79182-2A86-4952-A640-3B6AF0EFFE70}
		{8AEE29D7-5D6D-4BBA-A678-6E00B0097D37} = {7FC79182-2A86-4952-A640-3B6AF0EFFE70}
		{062FCC15-CF25-4C78-B3C5-7DAE5DED4975} = {7FC79182-2A86-4952-A640-3B6AF0EFFE70}
		{D0CD4B9D-5570-4627-B42A-672D78390642} = {7FC79182-2A86-4952-A640-3B6AF0EFFE70}
		{09B809CA-65D4-42BD-94A8-AA7403056518} = {8AFB7548-80F7-4024-B625-0035EFF394E5}
		{284214E6-0FD6-4896-83C4-E5BDF5933D8A} = {8AFB7548-80F7-4024-B625-0035EFF394E5}
		{CE5F3CF8-E3D5-47EB-B916-E10A1D8CDBFA} = {8AFB7548-80F7-4024-B625-0035EFF394E5}
		{63D81E42-D757-4971-AB30-409B7F37BC79} = {8AFB7548-80F7-4024-B625-0035EFF394E5}
	EndGlobalSection
	GlobalSection(ExtensibilityGlobals) = postSolution
		SolutionGuid = {9BB1A3A7-C395-44E3-BFDB-CA84613FF306}
	EndGlobalSection
EndGlobal
